// !$*UTF8*$!
{
	archiveVersion = 1;
	classes = {
	};
	objectVersion = 51;
	objects = {

/* Begin PBXBuildFile section */
		04373F03245CF59000583C58 /* AppDelegate.swift in Sources */ = {isa = PBXBuildFile; fileRef = 04373F02245CF59000583C58 /* AppDelegate.swift */; };
		04373F05245CF59000583C58 /* SceneDelegate.swift in Sources */ = {isa = PBXBuildFile; fileRef = 04373F04245CF59000583C58 /* SceneDelegate.swift */; };
		04373F07245CF59000583C58 /* NoteViewController.swift in Sources */ = {isa = PBXBuildFile; fileRef = 04373F06245CF59000583C58 /* NoteViewController.swift */; };
		04373F09245CF59000583C58 /* RecordViewController.swift in Sources */ = {isa = PBXBuildFile; fileRef = 04373F08245CF59000583C58 /* RecordViewController.swift */; };
		04373F0C245CF59000583C58 /* Main.storyboard in Resources */ = {isa = PBXBuildFile; fileRef = 04373F0A245CF59000583C58 /* Main.storyboard */; };
		04373F0E245CF59100583C58 /* Assets.xcassets in Resources */ = {isa = PBXBuildFile; fileRef = 04373F0D245CF59100583C58 /* Assets.xcassets */; };
		04373F11245CF59100583C58 /* LaunchScreen.storyboard in Resources */ = {isa = PBXBuildFile; fileRef = 04373F0F245CF59100583C58 /* LaunchScreen.storyboard */; };
		04373F1B245CFE7600583C58 /* LoginViewController.swift in Sources */ = {isa = PBXBuildFile; fileRef = 04373F1A245CFE7600583C58 /* LoginViewController.swift */; };
		04373F1D245CFE8100583C58 /* RegisterViewController.swift in Sources */ = {isa = PBXBuildFile; fileRef = 04373F1C245CFE8100583C58 /* RegisterViewController.swift */; };
		04373F1F245CFE9200583C58 /* AccountViewController.swift in Sources */ = {isa = PBXBuildFile; fileRef = 04373F1E245CFE9200583C58 /* AccountViewController.swift */; };
		04373F21245CFF2500583C58 /* UIView+AddBorder.swift in Sources */ = {isa = PBXBuildFile; fileRef = 04373F20245CFF2500583C58 /* UIView+AddBorder.swift */; };
		044CE3C624662A6300A22BE9 /* FighterView.swift in Sources */ = {isa = PBXBuildFile; fileRef = 044CE3C524662A6300A22BE9 /* FighterView.swift */; };
		044CE3C824662A7400A22BE9 /* FighterView.xib in Resources */ = {isa = PBXBuildFile; fileRef = 044CE3C724662A7400A22BE9 /* FighterView.xib */; };
		046BBDEF245D5F1D00B8A8E9 /* CustomTableViewCell.swift in Sources */ = {isa = PBXBuildFile; fileRef = 046BBDEE245D5F1D00B8A8E9 /* CustomTableViewCell.swift */; };
		046BBDF6245E51E100B8A8E9 /* Fighter.swift in Sources */ = {isa = PBXBuildFile; fileRef = 046BBDF5245E51E100B8A8E9 /* Fighter.swift */; };
		046BBDF8245E8E8E00B8A8E9 /* FighterNoteViewController.swift in Sources */ = {isa = PBXBuildFile; fileRef = 046BBDF7245E8E8E00B8A8E9 /* FighterNoteViewController.swift */; };
		046BBDFA245E9B5500B8A8E9 /* FighterNote.swift in Sources */ = {isa = PBXBuildFile; fileRef = 046BBDF9245E9B5500B8A8E9 /* FighterNote.swift */; };
		046BBDFE245F972800B8A8E9 /* Constants.swift in Sources */ = {isa = PBXBuildFile; fileRef = 046BBDFD245F972800B8A8E9 /* Constants.swift */; };
		046BBE002463819600B8A8E9 /* Record.swift in Sources */ = {isa = PBXBuildFile; fileRef = 046BBDFF2463819600B8A8E9 /* Record.swift */; };
		046BBE02246384AF00B8A8E9 /* ContainerViewController.swift in Sources */ = {isa = PBXBuildFile; fileRef = 046BBE01246384AF00B8A8E9 /* ContainerViewController.swift */; };
		046BBE062463989E00B8A8E9 /* RecordTableViewCell.swift in Sources */ = {isa = PBXBuildFile; fileRef = 046BBE052463989E00B8A8E9 /* RecordTableViewCell.swift */; };
		048CCE9D2463F53600B4C400 /* RecordFormViewController.swift in Sources */ = {isa = PBXBuildFile; fileRef = 048CCE9C2463F53600B4C400 /* RecordFormViewController.swift */; };
		048CCE9F2463F54C00B4C400 /* FighterImageViewController.swift in Sources */ = {isa = PBXBuildFile; fileRef = 048CCE9E2463F54C00B4C400 /* FighterImageViewController.swift */; };
		04CD59CA245D364A00976595 /* AlertController.swift in Sources */ = {isa = PBXBuildFile; fileRef = 04CD59C9245D364A00976595 /* AlertController.swift */; };
		04CD59D0245D513700976595 /* GoogleService-Info.plist in Resources */ = {isa = PBXBuildFile; fileRef = 04CD59CF245D513700976595 /* GoogleService-Info.plist */; };
		22E7861BF4581CA2468228A6 /* Pods_SmashRecord.framework in Frameworks */ = {isa = PBXBuildFile; fileRef = 6C1E412AE192155123028D42 /* Pods_SmashRecord.framework */; };
/* End PBXBuildFile section */

/* Begin PBXFileReference section */
		04373EFF245CF59000583C58 /* SmashRecord.app */ = {isa = PBXFileReference; explicitFileType = wrapper.application; includeInIndex = 0; path = SmashRecord.app; sourceTree = BUILT_PRODUCTS_DIR; };
		04373F02245CF59000583C58 /* AppDelegate.swift */ = {isa = PBXFileReference; lastKnownFileType = sourcecode.swift; path = AppDelegate.swift; sourceTree = "<group>"; };
		04373F04245CF59000583C58 /* SceneDelegate.swift */ = {isa = PBXFileReference; lastKnownFileType = sourcecode.swift; path = SceneDelegate.swift; sourceTree = "<group>"; };
		04373F06245CF59000583C58 /* NoteViewController.swift */ = {isa = PBXFileReference; lastKnownFileType = sourcecode.swift; path = NoteViewController.swift; sourceTree = "<group>"; };
		04373F08245CF59000583C58 /* RecordViewController.swift */ = {isa = PBXFileReference; lastKnownFileType = sourcecode.swift; path = RecordViewController.swift; sourceTree = "<group>"; };
		04373F0B245CF59000583C58 /* Base */ = {isa = PBXFileReference; lastKnownFileType = file.storyboard; name = Base; path = Base.lproj/Main.storyboard; sourceTree = "<group>"; };
		04373F0D245CF59100583C58 /* Assets.xcassets */ = {isa = PBXFileReference; lastKnownFileType = folder.assetcatalog; path = Assets.xcassets; sourceTree = "<group>"; };
		04373F10245CF59100583C58 /* Base */ = {isa = PBXFileReference; lastKnownFileType = file.storyboard; name = Base; path = Base.lproj/LaunchScreen.storyboard; sourceTree = "<group>"; };
		04373F12245CF59100583C58 /* Info.plist */ = {isa = PBXFileReference; lastKnownFileType = text.plist.xml; path = Info.plist; sourceTree = "<group>"; };
		04373F1A245CFE7600583C58 /* LoginViewController.swift */ = {isa = PBXFileReference; lastKnownFileType = sourcecode.swift; path = LoginViewController.swift; sourceTree = "<group>"; };
		04373F1C245CFE8100583C58 /* RegisterViewController.swift */ = {isa = PBXFileReference; lastKnownFileType = sourcecode.swift; path = RegisterViewController.swift; sourceTree = "<group>"; };
		04373F1E245CFE9200583C58 /* AccountViewController.swift */ = {isa = PBXFileReference; lastKnownFileType = sourcecode.swift; path = AccountViewController.swift; sourceTree = "<group>"; };
		04373F20245CFF2500583C58 /* UIView+AddBorder.swift */ = {isa = PBXFileReference; lastKnownFileType = sourcecode.swift; path = "UIView+AddBorder.swift"; sourceTree = "<group>"; };
		044CE3C524662A6300A22BE9 /* FighterView.swift */ = {isa = PBXFileReference; lastKnownFileType = sourcecode.swift; path = FighterView.swift; sourceTree = SOURCE_ROOT; };
		044CE3C724662A7400A22BE9 /* FighterView.xib */ = {isa = PBXFileReference; lastKnownFileType = file.xib; path = FighterView.xib; sourceTree = "<group>"; };
		046BBDEE245D5F1D00B8A8E9 /* CustomTableViewCell.swift */ = {isa = PBXFileReference; lastKnownFileType = sourcecode.swift; path = CustomTableViewCell.swift; sourceTree = "<group>"; };
		046BBDF5245E51E100B8A8E9 /* Fighter.swift */ = {isa = PBXFileReference; lastKnownFileType = sourcecode.swift; name = Fighter.swift; path = SmashRecord/Fighter.swift; sourceTree = SOURCE_ROOT; };
		046BBDF7245E8E8E00B8A8E9 /* FighterNoteViewController.swift */ = {isa = PBXFileReference; lastKnownFileType = sourcecode.swift; name = FighterNoteViewController.swift; path = SmashRecord/Views/FighterNoteViewController.swift; sourceTree = SOURCE_ROOT; };
		046BBDF9245E9B5500B8A8E9 /* FighterNote.swift */ = {isa = PBXFileReference; lastKnownFileType = sourcecode.swift; path = FighterNote.swift; sourceTree = "<group>"; };
		046BBDFD245F972800B8A8E9 /* Constants.swift */ = {isa = PBXFileReference; lastKnownFileType = sourcecode.swift; path = Constants.swift; sourceTree = "<group>"; };
		046BBDFF2463819600B8A8E9 /* Record.swift */ = {isa = PBXFileReference; lastKnownFileType = sourcecode.swift; path = Record.swift; sourceTree = "<group>"; };
		046BBE01246384AF00B8A8E9 /* ContainerViewController.swift */ = {isa = PBXFileReference; lastKnownFileType = sourcecode.swift; name = ContainerViewController.swift; path = SmashRecord/Views/ContainerViewController.swift; sourceTree = SOURCE_ROOT; };
		046BBE052463989E00B8A8E9 /* RecordTableViewCell.swift */ = {isa = PBXFileReference; lastKnownFileType = sourcecode.swift; path = RecordTableViewCell.swift; sourceTree = SOURCE_ROOT; };
		048CCE9C2463F53600B4C400 /* RecordFormViewController.swift */ = {isa = PBXFileReference; lastKnownFileType = sourcecode.swift; name = RecordFormViewController.swift; path = SmashRecord/Views/RecordFormViewController.swift; sourceTree = SOURCE_ROOT; };
		048CCE9E2463F54C00B4C400 /* FighterImageViewController.swift */ = {isa = PBXFileReference; lastKnownFileType = sourcecode.swift; path = FighterImageViewController.swift; sourceTree = "<group>"; };
		04CD59C9245D364A00976595 /* AlertController.swift */ = {isa = PBXFileReference; lastKnownFileType = sourcecode.swift; path = AlertController.swift; sourceTree = "<group>"; };
		04CD59CF245D513700976595 /* GoogleService-Info.plist */ = {isa = PBXFileReference; fileEncoding = 4; lastKnownFileType = text.plist.xml; path = "GoogleService-Info.plist"; sourceTree = "<group>"; };
		6C1E412AE192155123028D42 /* Pods_SmashRecord.framework */ = {isa = PBXFileReference; explicitFileType = wrapper.framework; includeInIndex = 0; path = Pods_SmashRecord.framework; sourceTree = BUILT_PRODUCTS_DIR; };
		B4DC6CE520A54C70BF7CAB49 /* Pods-SmashRecord.release.xcconfig */ = {isa = PBXFileReference; includeInIndex = 1; lastKnownFileType = text.xcconfig; name = "Pods-SmashRecord.release.xcconfig"; path = "Target Support Files/Pods-SmashRecord/Pods-SmashRecord.release.xcconfig"; sourceTree = "<group>"; };
		CFB36A46B522D35AC105B54C /* Pods-SmashRecord.debug.xcconfig */ = {isa = PBXFileReference; includeInIndex = 1; lastKnownFileType = text.xcconfig; name = "Pods-SmashRecord.debug.xcconfig"; path = "Target Support Files/Pods-SmashRecord/Pods-SmashRecord.debug.xcconfig"; sourceTree = "<group>"; };
/* End PBXFileReference section */

/* Begin PBXFrameworksBuildPhase section */
		04373EFC245CF59000583C58 /* Frameworks */ = {
			isa = PBXFrameworksBuildPhase;
			buildActionMask = 2147483647;
			files = (
				22E7861BF4581CA2468228A6 /* Pods_SmashRecord.framework in Frameworks */,
			);
			runOnlyForDeploymentPostprocessing = 0;
		};
/* End PBXFrameworksBuildPhase section */

/* Begin PBXGroup section */
		04373EF6245CF59000583C58 = {
			isa = PBXGroup;
			children = (
				04373F01245CF59000583C58 /* SmashRecord */,
				04373F00245CF59000583C58 /* Products */,
				3BE6E5B842F87F6598009AF7 /* Pods */,
				D5177F7C0F2DA3DF489190EB /* Frameworks */,
			);
			sourceTree = "<group>";
		};
		04373F00245CF59000583C58 /* Products */ = {
			isa = PBXGroup;
			children = (
				04373EFF245CF59000583C58 /* SmashRecord.app */,
			);
			name = Products;
			sourceTree = "<group>";
		};
		04373F01245CF59000583C58 /* SmashRecord */ = {
			isa = PBXGroup;
			children = (
				04373F02245CF59000583C58 /* AppDelegate.swift */,
				04373F04245CF59000583C58 /* SceneDelegate.swift */,
				046BBDF2245E514100B8A8E9 /* Models */,
				04373F19245CFE4D00583C58 /* Views */,
				04373F18245CFE4500583C58 /* Controllers */,
				04373F0D245CF59100583C58 /* Assets.xcassets */,
				04373F0F245CF59100583C58 /* LaunchScreen.storyboard */,
				04373F12245CF59100583C58 /* Info.plist */,
				04CD59CF245D513700976595 /* GoogleService-Info.plist */,
			);
			path = SmashRecord;
			sourceTree = "<group>";
		};
		04373F18245CFE4500583C58 /* Controllers */ = {
			isa = PBXGroup;
			children = (
				04373F1A245CFE7600583C58 /* LoginViewController.swift */,
				04373F1C245CFE8100583C58 /* RegisterViewController.swift */,
				04373F06245CF59000583C58 /* NoteViewController.swift */,
				046BBDF7245E8E8E00B8A8E9 /* FighterNoteViewController.swift */,
				046BBE01246384AF00B8A8E9 /* ContainerViewController.swift */,
				04373F08245CF59000583C58 /* RecordViewController.swift */,
				048CCE9C2463F53600B4C400 /* RecordFormViewController.swift */,
				048CCE9E2463F54C00B4C400 /* FighterImageViewController.swift */,
				04373F1E245CFE9200583C58 /* AccountViewController.swift */,
				04CD59C9245D364A00976595 /* AlertController.swift */,
			);
			path = Controllers;
			sourceTree = "<group>";
		};
		04373F19245CFE4D00583C58 /* Views */ = {
			isa = PBXGroup;
			children = (
				04373F0A245CF59000583C58 /* Main.storyboard */,
				046BBDEE245D5F1D00B8A8E9 /* CustomTableViewCell.swift */,
				046BBE052463989E00B8A8E9 /* RecordTableViewCell.swift */,
				04373F20245CFF2500583C58 /* UIView+AddBorder.swift */,
				044CE3C524662A6300A22BE9 /* FighterView.swift */,
				044CE3C724662A7400A22BE9 /* FighterView.xib */,
			);
			path = Views;
			sourceTree = "<group>";
		};
		046BBDF2245E514100B8A8E9 /* Models */ = {
			isa = PBXGroup;
			children = (
				046BBDFD245F972800B8A8E9 /* Constants.swift */,
				046BBDF5245E51E100B8A8E9 /* Fighter.swift */,
				046BBDF9245E9B5500B8A8E9 /* FighterNote.swift */,
				046BBDFF2463819600B8A8E9 /* Record.swift */,
			);
			path = Models;
			sourceTree = "<group>";
		};
		3BE6E5B842F87F6598009AF7 /* Pods */ = {
			isa = PBXGroup;
			children = (
				CFB36A46B522D35AC105B54C /* Pods-SmashRecord.debug.xcconfig */,
				B4DC6CE520A54C70BF7CAB49 /* Pods-SmashRecord.release.xcconfig */,
			);
			path = Pods;
			sourceTree = "<group>";
		};
		D5177F7C0F2DA3DF489190EB /* Frameworks */ = {
			isa = PBXGroup;
			children = (
				6C1E412AE192155123028D42 /* Pods_SmashRecord.framework */,
			);
			name = Frameworks;
			sourceTree = "<group>";
		};
/* End PBXGroup section */

/* Begin PBXNativeTarget section */
		04373EFE245CF59000583C58 /* SmashRecord */ = {
			isa = PBXNativeTarget;
			buildConfigurationList = 04373F15245CF59100583C58 /* Build configuration list for PBXNativeTarget "SmashRecord" */;
			buildPhases = (
				90D1042CB8CC6B04DCC7C4C3 /* [CP] Check Pods Manifest.lock */,
				04373EFB245CF59000583C58 /* Sources */,
				04373EFC245CF59000583C58 /* Frameworks */,
				04373EFD245CF59000583C58 /* Resources */,
				55583A60FFDF9342E70A808F /* [CP] Embed Pods Frameworks */,
			);
			buildRules = (
			);
			dependencies = (
			);
			name = SmashRecord;
			productName = SmashRecord;
			productReference = 04373EFF245CF59000583C58 /* SmashRecord.app */;
			productType = "com.apple.product-type.application";
		};
/* End PBXNativeTarget section */

/* Begin PBXProject section */
		04373EF7245CF59000583C58 /* Project object */ = {
			isa = PBXProject;
			attributes = {
				LastSwiftUpdateCheck = 1140;
				LastUpgradeCheck = 1140;
				ORGANIZATIONNAME = "村尾慶伸";
				TargetAttributes = {
					04373EFE245CF59000583C58 = {
						CreatedOnToolsVersion = 11.4.1;
					};
				};
			};
			buildConfigurationList = 04373EFA245CF59000583C58 /* Build configuration list for PBXProject "SmashRecord" */;
			compatibilityVersion = "Xcode 9.3";
			developmentRegion = en;
			hasScannedForEncodings = 0;
			knownRegions = (
				en,
				Base,
			);
			mainGroup = 04373EF6245CF59000583C58;
			productRefGroup = 04373F00245CF59000583C58 /* Products */;
			projectDirPath = "";
			projectRoot = "";
			targets = (
				04373EFE245CF59000583C58 /* SmashRecord */,
			);
		};
/* End PBXProject section */

/* Begin PBXResourcesBuildPhase section */
		04373EFD245CF59000583C58 /* Resources */ = {
			isa = PBXResourcesBuildPhase;
			buildActionMask = 2147483647;
			files = (
				04373F11245CF59100583C58 /* LaunchScreen.storyboard in Resources */,
				04CD59D0245D513700976595 /* GoogleService-Info.plist in Resources */,
				04373F0E245CF59100583C58 /* Assets.xcassets in Resources */,
				044CE3C824662A7400A22BE9 /* FighterView.xib in Resources */,
				04373F0C245CF59000583C58 /* Main.storyboard in Resources */,
			);
			runOnlyForDeploymentPostprocessing = 0;
		};
/* End PBXResourcesBuildPhase section */

/* Begin PBXShellScriptBuildPhase section */
		55583A60FFDF9342E70A808F /* [CP] Embed Pods Frameworks */ = {
			isa = PBXShellScriptBuildPhase;
			buildActionMask = 2147483647;
			files = (
			);
			inputFileListPaths = (
				"${PODS_ROOT}/Target Support Files/Pods-SmashRecord/Pods-SmashRecord-frameworks-${CONFIGURATION}-input-files.xcfilelist",
			);
			name = "[CP] Embed Pods Frameworks";
			outputFileListPaths = (
				"${PODS_ROOT}/Target Support Files/Pods-SmashRecord/Pods-SmashRecord-frameworks-${CONFIGURATION}-output-files.xcfilelist",
			);
			runOnlyForDeploymentPostprocessing = 0;
			shellPath = /bin/sh;
			shellScript = "\"${PODS_ROOT}/Target Support Files/Pods-SmashRecord/Pods-SmashRecord-frameworks.sh\"\n";
			showEnvVarsInLog = 0;
		};
		90D1042CB8CC6B04DCC7C4C3 /* [CP] Check Pods Manifest.lock */ = {
			isa = PBXShellScriptBuildPhase;
			buildActionMask = 2147483647;
			files = (
			);
			inputFileListPaths = (
			);
			inputPaths = (
				"${PODS_PODFILE_DIR_PATH}/Podfile.lock",
				"${PODS_ROOT}/Manifest.lock",
			);
			name = "[CP] Check Pods Manifest.lock";
			outputFileListPaths = (
			);
			outputPaths = (
				"$(DERIVED_FILE_DIR)/Pods-SmashRecord-checkManifestLockResult.txt",
			);
			runOnlyForDeploymentPostprocessing = 0;
			shellPath = /bin/sh;
			shellScript = "diff \"${PODS_PODFILE_DIR_PATH}/Podfile.lock\" \"${PODS_ROOT}/Manifest.lock\" > /dev/null\nif [ $? != 0 ] ; then\n    # print error to STDERR\n    echo \"error: The sandbox is not in sync with the Podfile.lock. Run 'pod install' or update your CocoaPods installation.\" >&2\n    exit 1\nfi\n# This output is used by Xcode 'outputs' to avoid re-running this script phase.\necho \"SUCCESS\" > \"${SCRIPT_OUTPUT_FILE_0}\"\n";
			showEnvVarsInLog = 0;
		};
/* End PBXShellScriptBuildPhase section */

/* Begin PBXSourcesBuildPhase section */
		04373EFB245CF59000583C58 /* Sources */ = {
			isa = PBXSourcesBuildPhase;
			buildActionMask = 2147483647;
			files = (
				04373F09245CF59000583C58 /* RecordViewController.swift in Sources */,
				046BBDF6245E51E100B8A8E9 /* Fighter.swift in Sources */,
				046BBE002463819600B8A8E9 /* Record.swift in Sources */,
				046BBE062463989E00B8A8E9 /* RecordTableViewCell.swift in Sources */,
				046BBDF8245E8E8E00B8A8E9 /* FighterNoteViewController.swift in Sources */,
				04CD59CA245D364A00976595 /* AlertController.swift in Sources */,
				04373F07245CF59000583C58 /* NoteViewController.swift in Sources */,
				04373F1F245CFE9200583C58 /* AccountViewController.swift in Sources */,
				04373F03245CF59000583C58 /* AppDelegate.swift in Sources */,
				04373F21245CFF2500583C58 /* UIView+AddBorder.swift in Sources */,
				046BBDEF245D5F1D00B8A8E9 /* CustomTableViewCell.swift in Sources */,
				048CCE9D2463F53600B4C400 /* RecordFormViewController.swift in Sources */,
				046BBE02246384AF00B8A8E9 /* ContainerViewController.swift in Sources */,
				048CCE9F2463F54C00B4C400 /* FighterImageViewController.swift in Sources */,
				04373F1D245CFE8100583C58 /* RegisterViewController.swift in Sources */,
				04373F1B245CFE7600583C58 /* LoginViewController.swift in Sources */,
				044CE3C624662A6300A22BE9 /* FighterView.swift in Sources */,
				046BBDFE245F972800B8A8E9 /* Constants.swift in Sources */,
				04373F05245CF59000583C58 /* SceneDelegate.swift in Sources */,
				046BBDFA245E9B5500B8A8E9 /* FighterNote.swift in Sources */,
			);
			runOnlyForDeploymentPostprocessing = 0;
		};
/* End PBXSourcesBuildPhase section */

/* Begin PBXVariantGroup section */
		04373F0A245CF59000583C58 /* Main.storyboard */ = {
			isa = PBXVariantGroup;
			children = (
				04373F0B245CF59000583C58 /* Base */,
			);
			name = Main.storyboard;
			sourceTree = "<group>";
		};
		04373F0F245CF59100583C58 /* LaunchScreen.storyboard */ = {
			isa = PBXVariantGroup;
			children = (
				04373F10245CF59100583C58 /* Base */,
			);
			name = LaunchScreen.storyboard;
			sourceTree = "<group>";
		};
/* End PBXVariantGroup section */

/* Begin XCBuildConfiguration section */
		04373F13245CF59100583C58 /* Debug */ = {
			isa = XCBuildConfiguration;
			buildSettings = {
				ALWAYS_SEARCH_USER_PATHS = NO;
				CLANG_ANALYZER_NONNULL = YES;
				CLANG_ANALYZER_NUMBER_OBJECT_CONVERSION = YES_AGGRESSIVE;
				CLANG_CXX_LANGUAGE_STANDARD = "gnu++14";
				CLANG_CXX_LIBRARY = "libc++";
				CLANG_ENABLE_MODULES = YES;
				CLANG_ENABLE_OBJC_ARC = YES;
				CLANG_ENABLE_OBJC_WEAK = YES;
				CLANG_WARN_BLOCK_CAPTURE_AUTORELEASING = YES;
				CLANG_WARN_BOOL_CONVERSION = YES;
				CLANG_WARN_COMMA = YES;
				CLANG_WARN_CONSTANT_CONVERSION = YES;
				CLANG_WARN_DEPRECATED_OBJC_IMPLEMENTATIONS = YES;
				CLANG_WARN_DIRECT_OBJC_ISA_USAGE = YES_ERROR;
				CLANG_WARN_DOCUMENTATION_COMMENTS = YES;
				CLANG_WARN_EMPTY_BODY = YES;
				CLANG_WARN_ENUM_CONVERSION = YES;
				CLANG_WARN_INFINITE_RECURSION = YES;
				CLANG_WARN_INT_CONVERSION = YES;
				CLANG_WARN_NON_LITERAL_NULL_CONVERSION = YES;
				CLANG_WARN_OBJC_IMPLICIT_RETAIN_SELF = YES;
				CLANG_WARN_OBJC_LITERAL_CONVERSION = YES;
				CLANG_WARN_OBJC_ROOT_CLASS = YES_ERROR;
				CLANG_WARN_RANGE_LOOP_ANALYSIS = YES;
				CLANG_WARN_STRICT_PROTOTYPES = YES;
				CLANG_WARN_SUSPICIOUS_MOVE = YES;
				CLANG_WARN_UNGUARDED_AVAILABILITY = YES_AGGRESSIVE;
				CLANG_WARN_UNREACHABLE_CODE = YES;
				CLANG_WARN__DUPLICATE_METHOD_MATCH = YES;
				COPY_PHASE_STRIP = NO;
				DEBUG_INFORMATION_FORMAT = dwarf;
				ENABLE_STRICT_OBJC_MSGSEND = YES;
				ENABLE_TESTABILITY = YES;
				GCC_C_LANGUAGE_STANDARD = gnu11;
				GCC_DYNAMIC_NO_PIC = NO;
				GCC_NO_COMMON_BLOCKS = YES;
				GCC_OPTIMIZATION_LEVEL = 0;
				GCC_PREPROCESSOR_DEFINITIONS = (
					"DEBUG=1",
					"$(inherited)",
				);
				GCC_WARN_64_TO_32_BIT_CONVERSION = YES;
				GCC_WARN_ABOUT_RETURN_TYPE = YES_ERROR;
				GCC_WARN_UNDECLARED_SELECTOR = YES;
				GCC_WARN_UNINITIALIZED_AUTOS = YES_AGGRESSIVE;
				GCC_WARN_UNUSED_FUNCTION = YES;
				GCC_WARN_UNUSED_VARIABLE = YES;
				IPHONEOS_DEPLOYMENT_TARGET = 13.4;
				MTL_ENABLE_DEBUG_INFO = INCLUDE_SOURCE;
				MTL_FAST_MATH = YES;
				ONLY_ACTIVE_ARCH = YES;
				SDKROOT = iphoneos;
				SWIFT_ACTIVE_COMPILATION_CONDITIONS = DEBUG;
				SWIFT_OPTIMIZATION_LEVEL = "-Onone";
			};
			name = Debug;
		};
		04373F14245CF59100583C58 /* Release */ = {
			isa = XCBuildConfiguration;
			buildSettings = {
				ALWAYS_SEARCH_USER_PATHS = NO;
				CLANG_ANALYZER_NONNULL = YES;
				CLANG_ANALYZER_NUMBER_OBJECT_CONVERSION = YES_AGGRESSIVE;
				CLANG_CXX_LANGUAGE_STANDARD = "gnu++14";
				CLANG_CXX_LIBRARY = "libc++";
				CLANG_ENABLE_MODULES = YES;
				CLANG_ENABLE_OBJC_ARC = YES;
				CLANG_ENABLE_OBJC_WEAK = YES;
				CLANG_WARN_BLOCK_CAPTURE_AUTORELEASING = YES;
				CLANG_WARN_BOOL_CONVERSION = YES;
				CLANG_WARN_COMMA = YES;
				CLANG_WARN_CONSTANT_CONVERSION = YES;
				CLANG_WARN_DEPRECATED_OBJC_IMPLEMENTATIONS = YES;
				CLANG_WARN_DIRECT_OBJC_ISA_USAGE = YES_ERROR;
				CLANG_WARN_DOCUMENTATION_COMMENTS = YES;
				CLANG_WARN_EMPTY_BODY = YES;
				CLANG_WARN_ENUM_CONVERSION = YES;
				CLANG_WARN_INFINITE_RECURSION = YES;
				CLANG_WARN_INT_CONVERSION = YES;
				CLANG_WARN_NON_LITERAL_NULL_CONVERSION = YES;
				CLANG_WARN_OBJC_IMPLICIT_RETAIN_SELF = YES;
				CLANG_WARN_OBJC_LITERAL_CONVERSION = YES;
				CLANG_WARN_OBJC_ROOT_CLASS = YES_ERROR;
				CLANG_WARN_RANGE_LOOP_ANALYSIS = YES;
				CLANG_WARN_STRICT_PROTOTYPES = YES;
				CLANG_WARN_SUSPICIOUS_MOVE = YES;
				CLANG_WARN_UNGUARDED_AVAILABILITY = YES_AGGRESSIVE;
				CLANG_WARN_UNREACHABLE_CODE = YES;
				CLANG_WARN__DUPLICATE_METHOD_MATCH = YES;
				COPY_PHASE_STRIP = NO;
				DEBUG_INFORMATION_FORMAT = "dwarf-with-dsym";
				ENABLE_NS_ASSERTIONS = NO;
				ENABLE_STRICT_OBJC_MSGSEND = YES;
				GCC_C_LANGUAGE_STANDARD = gnu11;
				GCC_NO_COMMON_BLOCKS = YES;
				GCC_WARN_64_TO_32_BIT_CONVERSION = YES;
				GCC_WARN_ABOUT_RETURN_TYPE = YES_ERROR;
				GCC_WARN_UNDECLARED_SELECTOR = YES;
				GCC_WARN_UNINITIALIZED_AUTOS = YES_AGGRESSIVE;
				GCC_WARN_UNUSED_FUNCTION = YES;
				GCC_WARN_UNUSED_VARIABLE = YES;
				IPHONEOS_DEPLOYMENT_TARGET = 13.4;
				MTL_ENABLE_DEBUG_INFO = NO;
				MTL_FAST_MATH = YES;
				SDKROOT = iphoneos;
				SWIFT_COMPILATION_MODE = wholemodule;
				SWIFT_OPTIMIZATION_LEVEL = "-O";
				VALIDATE_PRODUCT = YES;
			};
			name = Release;
		};
		04373F16245CF59100583C58 /* Debug */ = {
			isa = XCBuildConfiguration;
			baseConfigurationReference = CFB36A46B522D35AC105B54C /* Pods-SmashRecord.debug.xcconfig */;
			buildSettings = {
				ASSETCATALOG_COMPILER_APPICON_NAME = AppIcon;
				CODE_SIGN_STYLE = Automatic;
				DEVELOPMENT_TEAM = 479D88RPDD;
				INFOPLIST_FILE = SmashRecord/Info.plist;
				LD_RUNPATH_SEARCH_PATHS = (
					"$(inherited)",
					"@executable_path/Frameworks",
				);
				PRODUCT_BUNDLE_IDENTIFIER = com.yoshinobu.SmashRecord;
				PRODUCT_NAME = "$(TARGET_NAME)";
				SWIFT_VERSION = 5.0;
				TARGETED_DEVICE_FAMILY = 1;
			};
			name = Debug;
		};
		04373F17245CF59100583C58 /* Release */ = {
			isa = XCBuildConfiguration;
			baseConfigurationReference = B4DC6CE520A54C70BF7CAB49 /* Pods-SmashRecord.release.xcconfig */;
			buildSettings = {
				ASSETCATALOG_COMPILER_APPICON_NAME = AppIcon;
				CODE_SIGN_STYLE = Automatic;
				DEVELOPMENT_TEAM = 479D88RPDD;
				INFOPLIST_FILE = SmashRecord/Info.plist;
				LD_RUNPATH_SEARCH_PATHS = (
					"$(inherited)",
					"@executable_path/Frameworks",
				);
				PRODUCT_BUNDLE_IDENTIFIER = com.yoshinobu.SmashRecord;
				PRODUCT_NAME = "$(TARGET_NAME)";
				SWIFT_VERSION = 5.0;
				TARGETED_DEVICE_FAMILY = 1;
			};
			name = Release;
		};
/* End XCBuildConfiguration section */

/* Begin XCConfigurationList section */
		04373EFA245CF59000583C58 /* Build configuration list for PBXProject "SmashRecord" */ = {
			isa = XCConfigurationList;
			buildConfigurations = (
				04373F13245CF59100583C58 /* Debug */,
				04373F14245CF59100583C58 /* Release */,
			);
			defaultConfigurationIsVisible = 0;
			defaultConfigurationName = Release;
		};
		04373F15245CF59100583C58 /* Build configuration list for PBXNativeTarget "SmashRecord" */ = {
			isa = XCConfigurationList;
			buildConfigurations = (
				04373F16245CF59100583C58 /* Debug */,
				04373F17245CF59100583C58 /* Release */,
			);
			defaultConfigurationIsVisible = 0;
			defaultConfigurationName = Release;
		};
/* End XCConfigurationList section */
	};
	rootObject = 04373EF7245CF59000583C58 /* Project object */;
}
